
Microsoft Visual Studio Solution File, Format Version 12.00
# Visual Studio Version 17
VisualStudioVersion = 17.9.34723.18
MinimumVisualStudioVersion = 10.0.40219.1
Project("{9A19103F-16F7-4668-BE54-9A1E7A4F7556}") = "PokeCord", "PokeCord.csproj", "{9F8D3119-2B1E-4EC6-890A-388B17236BAF}"
EndProject
Global
	GlobalSection(SolutionConfigurationPlatforms) = preSolution
		Debug|Any CPU = Debug|Any CPU
		Debug|x64 = Debug|x64
		Release|Any CPU = Release|Any CPU
		Release|x64 = Release|x64
	EndGlobalSection
	GlobalSection(ProjectConfigurationPlatforms) = postSolution
		{9F8D3119-2B1E-4EC6-890A-388B17236BAF}.Debug|Any CPU.ActiveCfg = Debug|Any CPU
		{9F8D3119-2B1E-4EC6-890A-388B17236BAF}.Debug|Any CPU.Build.0 = Debug|Any CPU
		{9F8D3119-2B1E-4EC6-890A-388B17236BAF}.Debug|x64.ActiveCfg = Debug|x64
		{9F8D3119-2B1E-4EC6-890A-388B17236BAF}.Debug|x64.Build.0 = Debug|x64
		{9F8D3119-2B1E-4EC6-890A-388B17236BAF}.Release|Any CPU.ActiveCfg = Release|Any CPU
		{9F8D3119-2B1E-4EC6-890A-388B17236BAF}.Release|Any CPU.Build.0 = Release|Any CPU
		{9F8D3119-2B1E-4EC6-890A-388B17236BAF}.Release|x64.ActiveCfg = Release|x64
		{9F8D3119-2B1E-4EC6-890A-388B17236BAF}.Release|x64.Build.0 = Release|x64
	EndGlobalSection
	GlobalSection(SolutionProperties) = preSolution
		HideSolutionNode = FALSE
	EndGlobalSection
	GlobalSection(ExtensibilityGlobals) = postSolution
		SolutionGuid = {59FE3E55-6CCD-45AA-A28B-957F81B853B6}
	EndGlobalSection
EndGlobal
